
Microsoft Visual Studio Solution File, Format Version 12.00
# Visual Studio Version 16
VisualStudioVersion = 16.0.30114.105
MinimumVisualStudioVersion = 10.0.40219.1
Project("{2150E333-8FDC-42A3-9474-1A3956D46DE8}") = "src", "src", "{E77CD4C6-B3CF-4DD0-B345-91C72C5B3C15}"
EndProject
Project("{FAE04EC0-301F-11D3-BF4B-00C04F79EFBC}") = "Domain", "src\Domain\Domain.csproj", "{9B604435-363C-4DE3-829D-EC2D30F5973A}"
EndProject
Project("{FAE04EC0-301F-11D3-BF4B-00C04F79EFBC}") = "Entities", "src\Entities\Entities.csproj", "{C39A4AB3-7DA7-4406-82EE-142CBF1C518E}"
EndProject
Project("{FAE04EC0-301F-11D3-BF4B-00C04F79EFBC}") = "Infrastructure", "src\Infrastructure\Infrastructure.csproj", "{37CF11B0-EFD1-47D8-BD7A-BDFA04A859EF}"
EndProject
Global
	GlobalSection(SolutionConfigurationPlatforms) = preSolution
		Debug|Any CPU = Debug|Any CPU
		Release|Any CPU = Release|Any CPU
	EndGlobalSection
	GlobalSection(SolutionProperties) = preSolution
		HideSolutionNode = FALSE
	EndGlobalSection
	GlobalSection(ProjectConfigurationPlatforms) = postSolution
		{9B604435-363C-4DE3-829D-EC2D30F5973A}.Debug|Any CPU.ActiveCfg = Debug|Any CPU
		{9B604435-363C-4DE3-829D-EC2D30F5973A}.Debug|Any CPU.Build.0 = Debug|Any CPU
		{9B604435-363C-4DE3-829D-EC2D30F5973A}.Release|Any CPU.ActiveCfg = Release|Any CPU
		{9B604435-363C-4DE3-829D-EC2D30F5973A}.Release|Any CPU.Build.0 = Release|Any CPU
		{C39A4AB3-7DA7-4406-82EE-142CBF1C518E}.Debug|Any CPU.ActiveCfg = Debug|Any CPU
		{C39A4AB3-7DA7-4406-82EE-142CBF1C518E}.Debug|Any CPU.Build.0 = Debug|Any CPU
		{C39A4AB3-7DA7-4406-82EE-142CBF1C518E}.Release|Any CPU.ActiveCfg = Release|Any CPU
		{C39A4AB3-7DA7-4406-82EE-142CBF1C518E}.Release|Any CPU.Build.0 = Release|Any CPU
		{37CF11B0-EFD1-47D8-BD7A-BDFA04A859EF}.Debug|Any CPU.ActiveCfg = Debug|Any CPU
		{37CF11B0-EFD1-47D8-BD7A-BDFA04A859EF}.Debug|Any CPU.Build.0 = Debug|Any CPU
		{37CF11B0-EFD1-47D8-BD7A-BDFA04A859EF}.Release|Any CPU.ActiveCfg = Release|Any CPU
		{37CF11B0-EFD1-47D8-BD7A-BDFA04A859EF}.Release|Any CPU.Build.0 = Release|Any CPU
	EndGlobalSection
	GlobalSection(NestedProjects) = preSolution
		{9B604435-363C-4DE3-829D-EC2D30F5973A} = {E77CD4C6-B3CF-4DD0-B345-91C72C5B3C15}
		{C39A4AB3-7DA7-4406-82EE-142CBF1C518E} = {E77CD4C6-B3CF-4DD0-B345-91C72C5B3C15}
		{37CF11B0-EFD1-47D8-BD7A-BDFA04A859EF} = {E77CD4C6-B3CF-4DD0-B345-91C72C5B3C15}
	EndGlobalSection
EndGlobal
